
Microsoft Visual Studio Solution File, Format Version 12.00
# Visual Studio Version 17
VisualStudioVersion = 17.11.35327.3
MinimumVisualStudioVersion = 10.0.40219.1
Project("{9A19103F-16F7-4668-BE54-9A1E7A4F7556}") = "Atlas.Api", "Atlas.Api\Atlas.Api.csproj", "{0AB2AEB1-8B48-4EAB-ADAB-69DCF8145B28}"
EndProject
Project("{9A19103F-16F7-4668-BE54-9A1E7A4F7556}") = "Atlas.UnitTests", "Atlas.UnitTests\Atlas.UnitTests.csproj", "{E3F1E3D0-6ABC-45A2-97CC-FF1D5C9B18B6}"
EndProject
Global
	GlobalSection(SolutionConfigurationPlatforms) = preSolution
		Debug|Any CPU = Debug|Any CPU
		Release|Any CPU = Release|Any CPU
	EndGlobalSection
	GlobalSection(ProjectConfigurationPlatforms) = postSolution
		{0AB2AEB1-8B48-4EAB-ADAB-69DCF8145B28}.Debug|Any CPU.ActiveCfg = Debug|Any CPU
		{0AB2AEB1-8B48-4EAB-ADAB-69DCF8145B28}.Debug|Any CPU.Build.0 = Debug|Any CPU
		{0AB2AEB1-8B48-4EAB-ADAB-69DCF8145B28}.Release|Any CPU.ActiveCfg = Release|Any CPU
		{0AB2AEB1-8B48-4EAB-ADAB-69DCF8145B28}.Release|Any CPU.Build.0 = Release|Any CPU
		{E3F1E3D0-6ABC-45A2-97CC-FF1D5C9B18B6}.Debug|Any CPU.ActiveCfg = Debug|Any CPU
		{E3F1E3D0-6ABC-45A2-97CC-FF1D5C9B18B6}.Debug|Any CPU.Build.0 = Debug|Any CPU
		{E3F1E3D0-6ABC-45A2-97CC-FF1D5C9B18B6}.Release|Any CPU.ActiveCfg = Release|Any CPU
		{E3F1E3D0-6ABC-45A2-97CC-FF1D5C9B18B6}.Release|Any CPU.Build.0 = Release|Any CPU
	EndGlobalSection
	GlobalSection(SolutionProperties) = preSolution
		HideSolutionNode = FALSE
	EndGlobalSection
	GlobalSection(ExtensibilityGlobals) = postSolution
		SolutionGuid = {FBE8E3A6-17AF-4EC7-8EC7-A49A7DCD16A0}
	EndGlobalSection
EndGlobal
